
Microsoft Visual Studio Solution File, Format Version 12.00
# Visual Studio Version 17
VisualStudioVersion = 17.6.33723.286
MinimumVisualStudioVersion = 10.0.40219.1
Project("{FAE04EC0-301F-11D3-BF4B-00C04F79EFBC}") = "DBA5", "DBA5\DBA5.csproj", "{BDC24D1A-7384-434C-A45F-2A8AD4A21A0E}"
EndProject
Global
	GlobalSection(SolutionConfigurationPlatforms) = preSolution
		Debug|Any CPU = Debug|Any CPU
		Release|Any CPU = Release|Any CPU
	EndGlobalSection
	GlobalSection(ProjectConfigurationPlatforms) = postSolution
		{BDC24D1A-7384-434C-A45F-2A8AD4A21A0E}.Debug|Any CPU.ActiveCfg = Debug|Any CPU
		{BDC24D1A-7384-434C-A45F-2A8AD4A21A0E}.Debug|Any CPU.Build.0 = Debug|Any CPU
		{BDC24D1A-7384-434C-A45F-2A8AD4A21A0E}.Release|Any CPU.ActiveCfg = Release|Any CPU
		{BDC24D1A-7384-434C-A45F-2A8AD4A21A0E}.Release|Any CPU.Build.0 = Release|Any CPU
	EndGlobalSection
	GlobalSection(SolutionProperties) = preSolution
		HideSolutionNode = FALSE
	EndGlobalSection
	GlobalSection(ExtensibilityGlobals) = postSolution
		SolutionGuid = {5D20F3D7-234A-4D5D-B15A-BE1EF2AA4823}
	EndGlobalSection
EndGlobal
